github.com/richardlehane/characterize v1.0.0 h1:2MMnKFqYd+hsKpQrPkc5JjbcIzVBIfvSoaMd563GOj0=
github.com/richardlehane/characterize v1.0.0/go.mod h1:9mhxzxtWkXoLQpkg+gt7ioK6//+3hrsv3VHkbj8kbuQ=
github.com/richardlehane/match v1.0.0 h1:0VtxtXM+xqCQil0mXPnfWNmNXs84JtGycIJAQVT7DZQ=
github.com/richardlehane/match v1.0.0/go.mod h1:Ir0kYRNnSv4K6/wLU7kFpJ5WBHM36R1AQoMGlucKQgo=
github.com/richardlehane/mscfb v1.0.1 h1:hZI4H2LsYkXmDX9MEiBG2WxCZOe88+bNu5sJARQp7OY=
github.com/richardlehane/mscfb v1.0.1/go.mod h1:YzVpcZg9czvAuhk9T+a3avCpcFPMUWm7gK3DypaEsUk=
github.com/richardlehane/msoleps v1.0.1 h1:RfrALnSNXzmXLbGct/P2b4xkFz4e8Gmj/0Vj9M9xC1o=
github.com/richardlehane/msoleps v1.0.1/go.mod h1:BWev5JBpU9Ko2WAgmZEuiz4/u3ZYTKbjLycmwiWUfWg=
github.com/richardlehane/siegfried v1.7.12-0.20190401190115-99b4106927c7 h1:DCRZjISwGN4kwTG1TctTVn7nvASW2YkIB69peAid6pk=
github.com/richardlehane/siegfried v1.7.12-0.20190401190115-99b4106927c7/go.mod h1:QRWSD0BOv6DWlRLCHhap+Jq9HFi2AGAZOoGiY0oUOw0=
github.com/richardlehane/webarchive v1.0.0/go.mod h1:R+J0ocBfFb0A3vzwXZwrYoPe69PJLEejLzFL5ceDroM=
github.com/richardlehane/xmldetect v1.0.0 h1:NqOgHBy6YE8lzHBSXqzwjCfK12Z6/zhh6LZoBycVAp8=
github.com/richardlehane/xmldetect v1.0.0/go.mod h1:RUf41gBc3Yn/09ynnaxbCQrpt8itF3D/fxE6/RL9sB0=
golang.org/x/image v0.0.0-20190209060608-ef4a1470e0dc/go.mod h1:ux5Hcp/YLpHSI86hEcLt0YII63i6oz57MZXIpbrjZUs=
golang.org/x/image v0.0.0-20190321063152-3fc05d484e9f h1:FO4MZ3N56GnxbqxGKqh+YTzUWQ2sDwtFQEZgLOxh9Jc=
golang.org/x/image v0.0.0-20190321063152-3fc05d484e9f/go.mod h1:kZ7UVZpmo3dzQBMxlp+ypCbDeSB+sBbTgSJuh5dn5js=
golang.org/x/sys v0.0.0-20190215142949-d0b11bdaac8a/go.mod h1:STP8DvDyc/dI5b8T5hshtkjS+E42TnysNCUPdjciGhY=
golang.org/x/sys v0.0.0-20190402142545-baf5eb976a8c h1:3xiKTkef8QqBJ8q+4fVUDMRoxnI0H/MVNFswa+aExbo=
golang.org/x/sys v0.0.0-20190402142545-baf5eb976a8c/go.mod h1:h1NjWce9XRLGQEsW7wpKNCjG9DtNlClVuFLEZdDNbEs=
golang.org/x/text v0.3.0 h1:g61tztE5qeGQ89tm6NTjjM9VPIm088od1l6aSorWRWg=
golang.org/x/text v0.3.0/go.mod h1:NqM8EUOU14njkJ3fqMW+pc6Ldnwhi/IjpwHt7yyuwOQ=
